
Microsoft Visual Studio Solution File, Format Version 12.00
# Visual Studio Version 17
VisualStudioVersion = 17.0.32126.317
MinimumVisualStudioVersion = 10.0.40219.1
Project("{9A19103F-16F7-4668-BE54-9A1E7A4F7556}") = "Algorithms", "Algorithms\Algorithms.csproj", "{80D0FFFA-CC20-4CB3-8BC2-063134832FC8}"
EndProject
Project("{9A19103F-16F7-4668-BE54-9A1E7A4F7556}") = "Algorithms.Tests", "Algorithms.Tests\Algorithms.Tests.csproj", "{F67587E8-97BF-4BB1-9055-06514DD580BB}"
EndProject
Project("{2150E333-8FDC-42A3-9474-1A3956D46DE8}") = "SolutionItems", "SolutionItems", "{EA7D4431-6DE1-4B27-B546-D7AFE7B0E180}"
	ProjectSection(SolutionItems) = preProject
		.gitattributes = .gitattributes
		.gitignore = .gitignore
		README.md = README.md
	EndProjectSection
EndProject
Project("{2150E333-8FDC-42A3-9474-1A3956D46DE8}") = "Source", "Source", "{D1D021F5-0619-4F00-B2C8-983755228875}"
EndProject
Global
	GlobalSection(SolutionConfigurationPlatforms) = preSolution
		Debug|Any CPU = Debug|Any CPU
		Release|Any CPU = Release|Any CPU
	EndGlobalSection
	GlobalSection(ProjectConfigurationPlatforms) = postSolution
		{80D0FFFA-CC20-4CB3-8BC2-063134832FC8}.Debug|Any CPU.ActiveCfg = Debug|Any CPU
		{80D0FFFA-CC20-4CB3-8BC2-063134832FC8}.Debug|Any CPU.Build.0 = Debug|Any CPU
		{80D0FFFA-CC20-4CB3-8BC2-063134832FC8}.Release|Any CPU.ActiveCfg = Release|Any CPU
		{80D0FFFA-CC20-4CB3-8BC2-063134832FC8}.Release|Any CPU.Build.0 = Release|Any CPU
		{F67587E8-97BF-4BB1-9055-06514DD580BB}.Debug|Any CPU.ActiveCfg = Debug|Any CPU
		{F67587E8-97BF-4BB1-9055-06514DD580BB}.Debug|Any CPU.Build.0 = Debug|Any CPU
		{F67587E8-97BF-4BB1-9055-06514DD580BB}.Release|Any CPU.ActiveCfg = Release|Any CPU
		{F67587E8-97BF-4BB1-9055-06514DD580BB}.Release|Any CPU.Build.0 = Release|Any CPU
	EndGlobalSection
	GlobalSection(SolutionProperties) = preSolution
		HideSolutionNode = FALSE
	EndGlobalSection
	GlobalSection(NestedProjects) = preSolution
		{80D0FFFA-CC20-4CB3-8BC2-063134832FC8} = {D1D021F5-0619-4F00-B2C8-983755228875}
		{F67587E8-97BF-4BB1-9055-06514DD580BB} = {D1D021F5-0619-4F00-B2C8-983755228875}
	EndGlobalSection
	GlobalSection(ExtensibilityGlobals) = postSolution
		SolutionGuid = {B314DB8B-7D50-41D5-970E-2B9AF4738F36}
	EndGlobalSection
EndGlobal
